
Microsoft Visual Studio Solution File, Format Version 12.00
# Visual Studio Version 17
VisualStudioVersion = 17.0.31903.59
MinimumVisualStudioVersion = 10.0.40219.1
Project("{2150E333-8FDC-42A3-9474-1A3956D46DE8}") = "src", "src", "{827E0CD3-B72D-47B6-A68D-7590B98EB39B}"
EndProject
Project("{FAE04EC0-301F-11D3-BF4B-00C04F79EFBC}") = "Altim.App", "src\Altim.App\Altim.App.csproj", "{CCF060C7-9F3E-454E-BD53-8A929D945A20}"
EndProject
Project("{FAE04EC0-301F-11D3-BF4B-00C04F79EFBC}") = "Altim.UI", "src\Altim.UI\Altim.UI.csproj", "{D82C09CE-E933-47BC-9A74-0D7C1C8E2B62}"
EndProject
Project("{FAE04EC0-301F-11D3-BF4B-00C04F79EFBC}") = "Altim.Core", "src\Altim.Core\Altim.Core.csproj", "{D0E6875D-D9C3-441F-B497-EDDF46AEB25D}"
EndProject
Project("{FAE04EC0-301F-11D3-BF4B-00C04F79EFBC}") = "Altim.Storage", "src\Altim.Storage\Altim.Storage.csproj", "{D604EF9F-72E5-46A7-AE73-20EC10DB8A1E}"
EndProject
Project("{FAE04EC0-301F-11D3-BF4B-00C04F79EFBC}") = "Altim.Providers", "src\Altim.Providers\Altim.Providers.csproj", "{A5D61059-3F53-447E-B982-349E89CAD2B4}"
EndProject
Project("{FAE04EC0-301F-11D3-BF4B-00C04F79EFBC}") = "Altim.Providers.Claude", "src\Altim.Providers.Claude\Altim.Providers.Claude.csproj", "{4B1ADE22-2D7D-4AE7-95E1-3BE9A900FC30}"
EndProject
Project("{FAE04EC0-301F-11D3-BF4B-00C04F79EFBC}") = "Altim.Providers.Codex", "src\Altim.Providers.Codex\Altim.Providers.Codex.csproj", "{838ED506-597E-496C-92F5-9D0CAF7215B0}"
EndProject
Project("{FAE04EC0-301F-11D3-BF4B-00C04F79EFBC}") = "Altim.Providers.Gemini", "src\Altim.Providers.Gemini\Altim.Providers.Gemini.csproj", "{7C2F4E18-6B9A-4D3C-9E51-2A7F0B8D4C63}"
EndProject
Project("{FAE04EC0-301F-11D3-BF4B-00C04F79EFBC}") = "Altim.Platform.Windows", "src\Altim.Platform.Windows\Altim.Platform.Windows.csproj", "{834F0E5B-741C-4BEA-9DC3-6BD52C5EB27E}"
EndProject
Project("{FAE04EC0-301F-11D3-BF4B-00C04F79EFBC}") = "Altim.Platform.MacOS", "src\Altim.Platform.MacOS\Altim.Platform.MacOS.csproj", "{4BC57A95-43BF-4480-8028-8846F7D246EE}"
EndProject
Project("{FAE04EC0-301F-11D3-BF4B-00C04F79EFBC}") = "Altim.Platform.Linux", "src\Altim.Platform.Linux\Altim.Platform.Linux.csproj", "{5DD09E8B-097D-4ECB-BC87-97B117F322FE}"
EndProject
Project("{2150E333-8FDC-42A3-9474-1A3956D46DE8}") = "tests", "tests", "{0AB3BF05-4346-4AA6-1389-037BE0695223}"
EndProject
Project("{FAE04EC0-301F-11D3-BF4B-00C04F79EFBC}") = "Altim.Core.Tests", "tests\Altim.Core.Tests\Altim.Core.Tests.csproj", "{C3684475-8411-40DD-883B-DE66D399A068}"
EndProject
Project("{FAE04EC0-301F-11D3-BF4B-00C04F79EFBC}") = "Altim.Providers.Tests", "tests\Altim.Providers.Tests\Altim.Providers.Tests.csproj", "{B349B5D0-9D3E-4F2E-A00E-11A22408C492}"
EndProject
Project("{FAE04EC0-301F-11D3-BF4B-00C04F79EFBC}") = "Altim.Storage.Tests", "tests\Altim.Storage.Tests\Altim.Storage.Tests.csproj", "{717D73AF-1163-45CB-9292-95EA3AC029F3}"
EndProject
Project("{FAE04EC0-301F-11D3-BF4B-00C04F79EFBC}") = "Altim.UI.Tests", "tests\Altim.UI.Tests\Altim.UI.Tests.csproj", "{44AFCA6B-E24D-44B4-A4F5-AC3A7DFFF17F}"
EndProject
Global
	GlobalSection(SolutionConfigurationPlatforms) = preSolution
		Debug|Any CPU = Debug|Any CPU
		Debug|x64 = Debug|x64
		Debug|x86 = Debug|x86
		Release|Any CPU = Release|Any CPU
		Release|x64 = Release|x64
		Release|x86 = Release|x86
	EndGlobalSection
	GlobalSection(ProjectConfigurationPlatforms) = postSolution
		{CCF060C7-9F3E-454E-BD53-8A929D945A20}.Debug|Any CPU.ActiveCfg = Debug|Any CPU
		{CCF060C7-9F3E-454E-BD53-8A929D945A20}.Debug|Any CPU.Build.0 = Debug|Any CPU
		{CCF060C7-9F3E-454E-BD53-8A929D945A20}.Debug|x64.ActiveCfg = Debug|Any CPU
		{CCF060C7-9F3E-454E-BD53-8A929D945A20}.Debug|x64.Build.0 = Debug|Any CPU
		{CCF060C7-9F3E-454E-BD53-8A929D945A20}.Debug|x86.ActiveCfg = Debug|Any CPU
		{CCF060C7-9F3E-454E-BD53-8A929D945A20}.Debug|x86.Build.0 = Debug|Any CPU
		{CCF060C7-9F3E-454E-BD53-8A929D945A20}.Release|Any CPU.ActiveCfg = Release|Any CPU
		{CCF060C7-9F3E-454E-BD53-8A929D945A20}.Release|Any CPU.Build.0 = Release|Any CPU
		{CCF060C7-9F3E-454E-BD53-8A929D945A20}.Release|x64.ActiveCfg = Release|Any CPU
		{CCF060C7-9F3E-454E-BD53-8A929D945A20}.Release|x64.Build.0 = Release|Any CPU
		{CCF060C7-9F3E-454E-BD53-8A929D945A20}.Release|x86.ActiveCfg = Release|Any CPU
		{CCF060C7-9F3E-454E-BD53-8A929D945A20}.Release|x86.Build.0 = Release|Any CPU
		{D82C09CE-E933-47BC-9A74-0D7C1C8E2B62}.Debug|Any CPU.ActiveCfg = Debug|Any CPU
		{D82C09CE-E933-47BC-9A74-0D7C1C8E2B62}.Debug|Any CPU.Build.0 = Debug|Any CPU
		{D82C09CE-E933-47BC-9A74-0D7C1C8E2B62}.Debug|x64.ActiveCfg = Debug|Any CPU
		{D82C09CE-E933-47BC-9A74-0D7C1C8E2B62}.Debug|x64.Build.0 = Debug|Any CPU
		{D82C09CE-E933-47BC-9A74-0D7C1C8E2B62}.Debug|x86.ActiveCfg = Debug|Any CPU
		{D82C09CE-E933-47BC-9A74-0D7C1C8E2B62}.Debug|x86.Build.0 = Debug|Any CPU
		{D82C09CE-E933-47BC-9A74-0D7C1C8E2B62}.Release|Any CPU.ActiveCfg = Release|Any CPU
		{D82C09CE-E933-47BC-9A74-0D7C1C8E2B62}.Release|Any CPU.Build.0 = Release|Any CPU
		{D82C09CE-E933-47BC-9A74-0D7C1C8E2B62}.Release|x64.ActiveCfg = Release|Any CPU
		{D82C09CE-E933-47BC-9A74-0D7C1C8E2B62}.Release|x64.Build.0 = Release|Any CPU
		{D82C09CE-E933-47BC-9A74-0D7C1C8E2B62}.Release|x86.ActiveCfg = Release|Any CPU
		{D82C09CE-E933-47BC-9A74-0D7C1C8E2B62}.Release|x86.Build.0 = Release|Any CPU
		{D0E6875D-D9C3-441F-B497-EDDF46AEB25D}.Debug|Any CPU.ActiveCfg = Debug|Any CPU
		{D0E6875D-D9C3-441F-B497-EDDF46AEB25D}.Debug|Any CPU.Build.0 = Debug|Any CPU
		{D0E6875D-D9C3-441F-B497-EDDF46AEB25D}.Debug|x64.ActiveCfg = Debug|Any CPU
		{D0E6875D-D9C3-441F-B497-EDDF46AEB25D}.Debug|x64.Build.0 = Debug|Any CPU
		{D0E6875D-D9C3-441F-B497-EDDF46AEB25D}.Debug|x86.ActiveCfg = Debug|Any CPU
		{D0E6875D-D9C3-441F-B497-EDDF46AEB25D}.Debug|x86.Build.0 = Debug|Any CPU
		{D0E6875D-D9C3-441F-B497-EDDF46AEB25D}.Release|Any CPU.ActiveCfg = Release|Any CPU
		{D0E6875D-D9C3-441F-B497-EDDF46AEB25D}.Release|Any CPU.Build.0 = Release|Any CPU
		{D0E6875D-D9C3-441F-B497-EDDF46AEB25D}.Release|x64.ActiveCfg = Release|Any CPU
		{D0E6875D-D9C3-441F-B497-EDDF46AEB25D}.Release|x64.Build.0 = Release|Any CPU
		{D0E6875D-D9C3-441F-B497-EDDF46AEB25D}.Release|x86.ActiveCfg = Release|Any CPU
		{D0E6875D-D9C3-441F-B497-EDDF46AEB25D}.Release|x86.Build.0 = Release|Any CPU
		{D604EF9F-72E5-46A7-AE73-20EC10DB8A1E}.Debug|Any CPU.ActiveCfg = Debug|Any CPU
		{D604EF9F-72E5-46A7-AE73-20EC10DB8A1E}.Debug|Any CPU.Build.0 = Debug|Any CPU
		{D604EF9F-72E5-46A7-AE73-20EC10DB8A1E}.Debug|x64.ActiveCfg = Debug|Any CPU
		{D604EF9F-72E5-46A7-AE73-20EC10DB8A1E}.Debug|x64.Build.0 = Debug|Any CPU
		{D604EF9F-72E5-46A7-AE73-20EC10DB8A1E}.Debug|x86.ActiveCfg = Debug|Any CPU
		{D604EF9F-72E5-46A7-AE73-20EC10DB8A1E}.Debug|x86.Build.0 = Debug|Any CPU
		{D604EF9F-72E5-46A7-AE73-20EC10DB8A1E}.Release|Any CPU.ActiveCfg = Release|Any CPU
		{D604EF9F-72E5-46A7-AE73-20EC10DB8A1E}.Release|Any CPU.Build.0 = Release|Any CPU
		{D604EF9F-72E5-46A7-AE73-20EC10DB8A1E}.Release|x64.ActiveCfg = Release|Any CPU
		{D604EF9F-72E5-46A7-AE73-20EC10DB8A1E}.Release|x64.Build.0 = Release|Any CPU
		{D604EF9F-72E5-46A7-AE73-20EC10DB8A1E}.Release|x86.ActiveCfg = Release|Any CPU
		{D604EF9F-72E5-46A7-AE73-20EC10DB8A1E}.Release|x86.Build.0 = Release|Any CPU
		{A5D61059-3F53-447E-B982-349E89CAD2B4}.Debug|Any CPU.ActiveCfg = Debug|Any CPU
		{A5D61059-3F53-447E-B982-349E89CAD2B4}.Debug|Any CPU.Build.0 = Debug|Any CPU
		{A5D61059-3F53-447E-B982-349E89CAD2B4}.Debug|x64.ActiveCfg = Debug|Any CPU
		{A5D61059-3F53-447E-B982-349E89CAD2B4}.Debug|x64.Build.0 = Debug|Any CPU
		{A5D61059-3F53-447E-B982-349E89CAD2B4}.Debug|x86.ActiveCfg = Debug|Any CPU
		{A5D61059-3F53-447E-B982-349E89CAD2B4}.Debug|x86.Build.0 = Debug|Any CPU
		{A5D61059-3F53-447E-B982-349E89CAD2B4}.Release|Any CPU.ActiveCfg = Release|Any CPU
		{A5D61059-3F53-447E-B982-349E89CAD2B4}.Release|Any CPU.Build.0 = Release|Any CPU
		{A5D61059-3F53-447E-B982-349E89CAD2B4}.Release|x64.ActiveCfg = Release|Any CPU
		{A5D61059-3F53-447E-B982-349E89CAD2B4}.Release|x64.Build.0 = Release|Any CPU
		{A5D61059-3F53-447E-B982-349E89CAD2B4}.Release|x86.ActiveCfg = Release|Any CPU
		{A5D61059-3F53-447E-B982-349E89CAD2B4}.Release|x86.Build.0 = Release|Any CPU
		{4B1ADE22-2D7D-4AE7-95E1-3BE9A900FC30}.Debug|Any CPU.ActiveCfg = Debug|Any CPU
		{4B1ADE22-2D7D-4AE7-95E1-3BE9A900FC30}.Debug|Any CPU.Build.0 = Debug|Any CPU
		{4B1ADE22-2D7D-4AE7-95E1-3BE9A900FC30}.Debug|x64.ActiveCfg = Debug|Any CPU
		{4B1ADE22-2D7D-4AE7-95E1-3BE9A900FC30}.Debug|x64.Build.0 = Debug|Any CPU
		{4B1ADE22-2D7D-4AE7-95E1-3BE9A900FC30}.Debug|x86.ActiveCfg = Debug|Any CPU
		{4B1ADE22-2D7D-4AE7-95E1-3BE9A900FC30}.Debug|x86.Build.0 = Debug|Any CPU
		{4B1ADE22-2D7D-4AE7-95E1-3BE9A900FC30}.Release|Any CPU.ActiveCfg = Release|Any CPU
		{4B1ADE22-2D7D-4AE7-95E1-3BE9A900FC30}.Release|Any CPU.Build.0 = Release|Any CPU
		{4B1ADE22-2D7D-4AE7-95E1-3BE9A900FC30}.Release|x64.ActiveCfg = Release|Any CPU
		{4B1ADE22-2D7D-4AE7-95E1-3BE9A900FC30}.Release|x64.Build.0 = Release|Any CPU
		{4B1ADE22-2D7D-4AE7-95E1-3BE9A900FC30}.Release|x86.ActiveCfg = Release|Any CPU
		{4B1ADE22-2D7D-4AE7-95E1-3BE9A900FC30}.Release|x86.Build.0 = Release|Any CPU
		{838ED506-597E-496C-92F5-9D0CAF7215B0}.Debug|Any CPU.ActiveCfg = Debug|Any CPU
		{838ED506-597E-496C-92F5-9D0CAF7215B0}.Debug|Any CPU.Build.0 = Debug|Any CPU
		{838ED506-597E-496C-92F5-9D0CAF7215B0}.Debug|x64.ActiveCfg = Debug|Any CPU
		{838ED506-597E-496C-92F5-9D0CAF7215B0}.Debug|x64.Build.0 = Debug|Any CPU
		{838ED506-597E-496C-92F5-9D0CAF7215B0}.Debug|x86.ActiveCfg = Debug|Any CPU
		{838ED506-597E-496C-92F5-9D0CAF7215B0}.Debug|x86.Build.0 = Debug|Any CPU
		{838ED506-597E-496C-92F5-9D0CAF7215B0}.Release|Any CPU.ActiveCfg = Release|Any CPU
		{838ED506-597E-496C-92F5-9D0CAF7215B0}.Release|Any CPU.Build.0 = Release|Any CPU
		{838ED506-597E-496C-92F5-9D0CAF7215B0}.Release|x64.ActiveCfg = Release|Any CPU
		{838ED506-597E-496C-92F5-9D0CAF7215B0}.Release|x64.Build.0 = Release|Any CPU
		{838ED506-597E-496C-92F5-9D0CAF7215B0}.Release|x86.ActiveCfg = Release|Any CPU
		{838ED506-597E-496C-92F5-9D0CAF7215B0}.Release|x86.Build.0 = Release|Any CPU
		{7C2F4E18-6B9A-4D3C-9E51-2A7F0B8D4C63}.Debug|Any CPU.ActiveCfg = Debug|Any CPU
		{7C2F4E18-6B9A-4D3C-9E51-2A7F0B8D4C63}.Debug|Any CPU.Build.0 = Debug|Any CPU
		{7C2F4E18-6B9A-4D3C-9E51-2A7F0B8D4C63}.Debug|x64.ActiveCfg = Debug|Any CPU
		{7C2F4E18-6B9A-4D3C-9E51-2A7F0B8D4C63}.Debug|x64.Build.0 = Debug|Any CPU
		{7C2F4E18-6B9A-4D3C-9E51-2A7F0B8D4C63}.Debug|x86.ActiveCfg = Debug|Any CPU
		{7C2F4E18-6B9A-4D3C-9E51-2A7F0B8D4C63}.Debug|x86.Build.0 = Debug|Any CPU
		{7C2F4E18-6B9A-4D3C-9E51-2A7F0B8D4C63}.Release|Any CPU.ActiveCfg = Release|Any CPU
		{7C2F4E18-6B9A-4D3C-9E51-2A7F0B8D4C63}.Release|Any CPU.Build.0 = Release|Any CPU
		{7C2F4E18-6B9A-4D3C-9E51-2A7F0B8D4C63}.Release|x64.ActiveCfg = Release|Any CPU
		{7C2F4E18-6B9A-4D3C-9E51-2A7F0B8D4C63}.Release|x64.Build.0 = Release|Any CPU
		{7C2F4E18-6B9A-4D3C-9E51-2A7F0B8D4C63}.Release|x86.ActiveCfg = Release|Any CPU
		{7C2F4E18-6B9A-4D3C-9E51-2A7F0B8D4C63}.Release|x86.Build.0 = Release|Any CPU
		{834F0E5B-741C-4BEA-9DC3-6BD52C5EB27E}.Debug|Any CPU.ActiveCfg = Debug|Any CPU
		{834F0E5B-741C-4BEA-9DC3-6BD52C5EB27E}.Debug|Any CPU.Build.0 = Debug|Any CPU
		{834F0E5B-741C-4BEA-9DC3-6BD52C5EB27E}.Debug|x64.ActiveCfg = Debug|Any CPU
		{834F0E5B-741C-4BEA-9DC3-6BD52C5EB27E}.Debug|x64.Build.0 = Debug|Any CPU
		{834F0E5B-741C-4BEA-9DC3-6BD52C5EB27E}.Debug|x86.ActiveCfg = Debug|Any CPU
		{834F0E5B-741C-4BEA-9DC3-6BD52C5EB27E}.Debug|x86.Build.0 = Debug|Any CPU
		{834F0E5B-741C-4BEA-9DC3-6BD52C5EB27E}.Release|Any CPU.ActiveCfg = Release|Any CPU
		{834F0E5B-741C-4BEA-9DC3-6BD52C5EB27E}.Release|Any CPU.Build.0 = Release|Any CPU
		{834F0E5B-741C-4BEA-9DC3-6BD52C5EB27E}.Release|x64.ActiveCfg = Release|Any CPU
		{834F0E5B-741C-4BEA-9DC3-6BD52C5EB27E}.Release|x64.Build.0 = Release|Any CPU
		{834F0E5B-741C-4BEA-9DC3-6BD52C5EB27E}.Release|x86.ActiveCfg = Release|Any CPU
		{834F0E5B-741C-4BEA-9DC3-6BD52C5EB27E}.Release|x86.Build.0 = Release|Any CPU
		{4BC57A95-43BF-4480-8028-8846F7D246EE}.Debug|Any CPU.ActiveCfg = Debug|Any CPU
		{4BC57A95-43BF-4480-8028-8846F7D246EE}.Debug|Any CPU.Build.0 = Debug|Any CPU
		{4BC57A95-43BF-4480-8028-8846F7D246EE}.Debug|x64.ActiveCfg = Debug|Any CPU
		{4BC57A95-43BF-4480-8028-8846F7D246EE}.Debug|x64.Build.0 = Debug|Any CPU
		{4BC57A95-43BF-4480-8028-8846F7D246EE}.Debug|x86.ActiveCfg = Debug|Any CPU
		{4BC57A95-43BF-4480-8028-8846F7D246EE}.Debug|x86.Build.0 = Debug|Any CPU
		{4BC57A95-43BF-4480-8028-8846F7D246EE}.Release|Any CPU.ActiveCfg = Release|Any CPU
		{4BC57A95-43BF-4480-8028-8846F7D246EE}.Release|Any CPU.Build.0 = Release|Any CPU
		{4BC57A95-43BF-4480-8028-8846F7D246EE}.Release|x64.ActiveCfg = Release|Any CPU
		{4BC57A95-43BF-4480-8028-8846F7D246EE}.Release|x64.Build.0 = Release|Any CPU
		{4BC57A95-43BF-4480-8028-8846F7D246EE}.Release|x86.ActiveCfg = Release|Any CPU
		{4BC57A95-43BF-4480-8028-8846F7D246EE}.Release|x86.Build.0 = Release|Any CPU
		{5DD09E8B-097D-4ECB-BC87-97B117F322FE}.Debug|Any CPU.ActiveCfg = Debug|Any CPU
		{5DD09E8B-097D-4ECB-BC87-97B117F322FE}.Debug|Any CPU.Build.0 = Debug|Any CPU
		{5DD09E8B-097D-4ECB-BC87-97B117F322FE}.Debug|x64.ActiveCfg = Debug|Any CPU
		{5DD09E8B-097D-4ECB-BC87-97B117F322FE}.Debug|x64.Build.0 = Debug|Any CPU
		{5DD09E8B-097D-4ECB-BC87-97B117F322FE}.Debug|x86.ActiveCfg = Debug|Any CPU
		{5DD09E8B-097D-4ECB-BC87-97B117F322FE}.Debug|x86.Build.0 = Debug|Any CPU
		{5DD09E8B-097D-4ECB-BC87-97B117F322FE}.Release|Any CPU.ActiveCfg = Release|Any CPU
		{5DD09E8B-097D-4ECB-BC87-97B117F322FE}.Release|Any CPU.Build.0 = Release|Any CPU
		{5DD09E8B-097D-4ECB-BC87-97B117F322FE}.Release|x64.ActiveCfg = Release|Any CPU
		{5DD09E8B-097D-4ECB-BC87-97B117F322FE}.Release|x64.Build.0 = Release|Any CPU
		{5DD09E8B-097D-4ECB-BC87-97B117F322FE}.Release|x86.ActiveCfg = Release|Any CPU
		{5DD09E8B-097D-4ECB-BC87-97B117F322FE}.Release|x86.Build.0 = Release|Any CPU
		{C3684475-8411-40DD-883B-DE66D399A068}.Debug|Any CPU.ActiveCfg = Debug|Any CPU
		{C3684475-8411-40DD-883B-DE66D399A068}.Debug|Any CPU.Build.0 = Debug|Any CPU
		{C3684475-8411-40DD-883B-DE66D399A068}.Debug|x64.ActiveCfg = Debug|Any CPU
		{C3684475-8411-40DD-883B-DE66D399A068}.Debug|x64.Build.0 = Debug|Any CPU
		{C3684475-8411-40DD-883B-DE66D399A068}.Debug|x86.ActiveCfg = Debug|Any CPU
		{C3684475-8411-40DD-883B-DE66D399A068}.Debug|x86.Build.0 = Debug|Any CPU
		{C3684475-8411-40DD-883B-DE66D399A068}.Release|Any CPU.ActiveCfg = Release|Any CPU
		{C3684475-8411-40DD-883B-DE66D399A068}.Release|Any CPU.Build.0 = Release|Any CPU
		{C3684475-8411-40DD-883B-DE66D399A068}.Release|x64.ActiveCfg = Release|Any CPU
		{C3684475-8411-40DD-883B-DE66D399A068}.Release|x64.Build.0 = Release|Any CPU
		{C3684475-8411-40DD-883B-DE66D399A068}.Release|x86.ActiveCfg = Release|Any CPU
		{C3684475-8411-40DD-883B-DE66D399A068}.Release|x86.Build.0 = Release|Any CPU
		{B349B5D0-9D3E-4F2E-A00E-11A22408C492}.Debug|Any CPU.ActiveCfg = Debug|Any CPU
		{B349B5D0-9D3E-4F2E-A00E-11A22408C492}.Debug|Any CPU.Build.0 = Debug|Any CPU
		{B349B5D0-9D3E-4F2E-A00E-11A22408C492}.Debug|x64.ActiveCfg = Debug|Any CPU
		{B349B5D0-9D3E-4F2E-A00E-11A22408C492}.Debug|x64.Build.0 = Debug|Any CPU
		{B349B5D0-9D3E-4F2E-A00E-11A22408C492}.Debug|x86.ActiveCfg = Debug|Any CPU
		{B349B5D0-9D3E-4F2E-A00E-11A22408C492}.Debug|x86.Build.0 = Debug|Any CPU
		{B349B5D0-9D3E-4F2E-A00E-11A22408C492}.Release|Any CPU.ActiveCfg = Release|Any CPU
		{B349B5D0-9D3E-4F2E-A00E-11A22408C492}.Release|Any CPU.Build.0 = Release|Any CPU
		{B349B5D0-9D3E-4F2E-A00E-11A22408C492}.Release|x64.ActiveCfg = Release|Any CPU
		{B349B5D0-9D3E-4F2E-A00E-11A22408C492}.Release|x64.Build.0 = Release|Any CPU
		{B349B5D0-9D3E-4F2E-A00E-11A22408C492}.Release|x86.ActiveCfg = Release|Any CPU
		{B349B5D0-9D3E-4F2E-A00E-11A22408C492}.Release|x86.Build.0 = Release|Any CPU
		{717D73AF-1163-45CB-9292-95EA3AC029F3}.Debug|Any CPU.ActiveCfg = Debug|Any CPU
		{717D73AF-1163-45CB-9292-95EA3AC029F3}.Debug|Any CPU.Build.0 = Debug|Any CPU
		{717D73AF-1163-45CB-9292-95EA3AC029F3}.Debug|x64.ActiveCfg = Debug|Any CPU
		{717D73AF-1163-45CB-9292-95EA3AC029F3}.Debug|x64.Build.0 = Debug|Any CPU
		{717D73AF-1163-45CB-9292-95EA3AC029F3}.Debug|x86.ActiveCfg = Debug|Any CPU
		{717D73AF-1163-45CB-9292-95EA3AC029F3}.Debug|x86.Build.0 = Debug|Any CPU
		{717D73AF-1163-45CB-9292-95EA3AC029F3}.Release|Any CPU.ActiveCfg = Release|Any CPU
		{717D73AF-1163-45CB-9292-95EA3AC029F3}.Release|Any CPU.Build.0 = Release|Any CPU
		{717D73AF-1163-45CB-9292-95EA3AC029F3}.Release|x64.ActiveCfg = Release|Any CPU
		{717D73AF-1163-45CB-9292-95EA3AC029F3}.Release|x64.Build.0 = Release|Any CPU
		{717D73AF-1163-45CB-9292-95EA3AC029F3}.Release|x86.ActiveCfg = Release|Any CPU
		{717D73AF-1163-45CB-9292-95EA3AC029F3}.Release|x86.Build.0 = Release|Any CPU
		{44AFCA6B-E24D-44B4-A4F5-AC3A7DFFF17F}.Debug|Any CPU.ActiveCfg = Debug|Any CPU
		{44AFCA6B-E24D-44B4-A4F5-AC3A7DFFF17F}.Debug|Any CPU.Build.0 = Debug|Any CPU
		{44AFCA6B-E24D-44B4-A4F5-AC3A7DFFF17F}.Debug|x64.ActiveCfg = Debug|Any CPU
		{44AFCA6B-E24D-44B4-A4F5-AC3A7DFFF17F}.Debug|x64.Build.0 = Debug|Any CPU
		{44AFCA6B-E24D-44B4-A4F5-AC3A7DFFF17F}.Debug|x86.ActiveCfg = Debug|Any CPU
		{44AFCA6B-E24D-44B4-A4F5-AC3A7DFFF17F}.Debug|x86.Build.0 = Debug|Any CPU
		{44AFCA6B-E24D-44B4-A4F5-AC3A7DFFF17F}.Release|Any CPU.ActiveCfg = Release|Any CPU
		{44AFCA6B-E24D-44B4-A4F5-AC3A7DFFF17F}.Release|Any CPU.Build.0 = Release|Any CPU
		{44AFCA6B-E24D-44B4-A4F5-AC3A7DFFF17F}.Release|x64.ActiveCfg = Release|Any CPU
		{44AFCA6B-E24D-44B4-A4F5-AC3A7DFFF17F}.Release|x64.Build.0 = Release|Any CPU
		{44AFCA6B-E24D-44B4-A4F5-AC3A7DFFF17F}.Release|x86.ActiveCfg = Release|Any CPU
		{44AFCA6B-E24D-44B4-A4F5-AC3A7DFFF17F}.Release|x86.Build.0 = Release|Any CPU
	EndGlobalSection
	GlobalSection(SolutionProperties) = preSolution
		HideSolutionNode = FALSE
	EndGlobalSection
	GlobalSection(NestedProjects) = preSolution
		{CCF060C7-9F3E-454E-BD53-8A929D945A20} = {827E0CD3-B72D-47B6-A68D-7590B98EB39B}
		{D82C09CE-E933-47BC-9A74-0D7C1C8E2B62} = {827E0CD3-B72D-47B6-A68D-7590B98EB39B}
		{D0E6875D-D9C3-441F-B497-EDDF46AEB25D} = {827E0CD3-B72D-47B6-A68D-7590B98EB39B}
		{D604EF9F-72E5-46A7-AE73-20EC10DB8A1E} = {827E0CD3-B72D-47B6-A68D-7590B98EB39B}
		{A5D61059-3F53-447E-B982-349E89CAD2B4} = {827E0CD3-B72D-47B6-A68D-7590B98EB39B}
		{4B1ADE22-2D7D-4AE7-95E1-3BE9A900FC30} = {827E0CD3-B72D-47B6-A68D-7590B98EB39B}
		{838ED506-597E-496C-92F5-9D0CAF7215B0} = {827E0CD3-B72D-47B6-A68D-7590B98EB39B}
		{7C2F4E18-6B9A-4D3C-9E51-2A7F0B8D4C63} = {827E0CD3-B72D-47B6-A68D-7590B98EB39B}
		{834F0E5B-741C-4BEA-9DC3-6BD52C5EB27E} = {827E0CD3-B72D-47B6-A68D-7590B98EB39B}
		{4BC57A95-43BF-4480-8028-8846F7D246EE} = {827E0CD3-B72D-47B6-A68D-7590B98EB39B}
		{5DD09E8B-097D-4ECB-BC87-97B117F322FE} = {827E0CD3-B72D-47B6-A68D-7590B98EB39B}
		{C3684475-8411-40DD-883B-DE66D399A068} = {0AB3BF05-4346-4AA6-1389-037BE0695223}
		{B349B5D0-9D3E-4F2E-A00E-11A22408C492} = {0AB3BF05-4346-4AA6-1389-037BE0695223}
		{717D73AF-1163-45CB-9292-95EA3AC029F3} = {0AB3BF05-4346-4AA6-1389-037BE0695223}
		{44AFCA6B-E24D-44B4-A4F5-AC3A7DFFF17F} = {0AB3BF05-4346-4AA6-1389-037BE0695223}
	EndGlobalSection
EndGlobal
